
Microsoft Visual Studio Solution File, Format Version 12.00
# Visual Studio Version 16
VisualStudioVersion = 16.0.32602.291
MinimumVisualStudioVersion = 10.0.40219.1
Project("{9A19103F-16F7-4668-BE54-9A1E7A4F7556}") = "Business", "Business\Business.csproj", "{FAC3F79F-1839-4905-92FE-9EB34407DCC7}"
EndProject
Project("{9A19103F-16F7-4668-BE54-9A1E7A4F7556}") = "Entities", "Entities\Entities.csproj", "{B757CD45-2CCB-4811-BFF1-E68698FE7FE8}"
EndProject
Project("{9A19103F-16F7-4668-BE54-9A1E7A4F7556}") = "DataAccess", "DataAccess\DataAccess.csproj", "{F3AC339C-2B17-4300-9284-C8AA54AEB3C0}"
EndProject
Project("{FAE04EC0-301F-11D3-BF4B-00C04F79EFBC}") = "Core", "Core\Core.csproj", "{57FB1704-DC86-4CD9-B03A-CD36A41CC967}"
EndProject
Project("{FAE04EC0-301F-11D3-BF4B-00C04F79EFBC}") = "MvcWebUI", "MvcWebUI\MvcWebUI.csproj", "{BB34259D-48BF-43DB-A1D8-BA38111B57D0}"
EndProject
Project("{FAE04EC0-301F-11D3-BF4B-00C04F79EFBC}") = "WebAPI", "WebAPI\WebAPI.csproj", "{07A86CBF-3D8A-4657-93D9-2D697166BEFA}"
EndProject
Global
	GlobalSection(SolutionConfigurationPlatforms) = preSolution
		Debug|Any CPU = Debug|Any CPU
		Release|Any CPU = Release|Any CPU
	EndGlobalSection
	GlobalSection(ProjectConfigurationPlatforms) = postSolution
		{FAC3F79F-1839-4905-92FE-9EB34407DCC7}.Debug|Any CPU.ActiveCfg = Debug|Any CPU
		{FAC3F79F-1839-4905-92FE-9EB34407DCC7}.Debug|Any CPU.Build.0 = Debug|Any CPU
		{FAC3F79F-1839-4905-92FE-9EB34407DCC7}.Release|Any CPU.ActiveCfg = Release|Any CPU
		{FAC3F79F-1839-4905-92FE-9EB34407DCC7}.Release|Any CPU.Build.0 = Release|Any CPU
		{B757CD45-2CCB-4811-BFF1-E68698FE7FE8}.Debug|Any CPU.ActiveCfg = Debug|Any CPU
		{B757CD45-2CCB-4811-BFF1-E68698FE7FE8}.Debug|Any CPU.Build.0 = Debug|Any CPU
		{B757CD45-2CCB-4811-BFF1-E68698FE7FE8}.Release|Any CPU.ActiveCfg = Release|Any CPU
		{B757CD45-2CCB-4811-BFF1-E68698FE7FE8}.Release|Any CPU.Build.0 = Release|Any CPU
		{F3AC339C-2B17-4300-9284-C8AA54AEB3C0}.Debug|Any CPU.ActiveCfg = Debug|Any CPU
		{F3AC339C-2B17-4300-9284-C8AA54AEB3C0}.Debug|Any CPU.Build.0 = Debug|Any CPU
		{F3AC339C-2B17-4300-9284-C8AA54AEB3C0}.Release|Any CPU.ActiveCfg = Release|Any CPU
		{F3AC339C-2B17-4300-9284-C8AA54AEB3C0}.Release|Any CPU.Build.0 = Release|Any CPU
		{57FB1704-DC86-4CD9-B03A-CD36A41CC967}.Debug|Any CPU.ActiveCfg = Debug|Any CPU
		{57FB1704-DC86-4CD9-B03A-CD36A41CC967}.Debug|Any CPU.Build.0 = Debug|Any CPU
		{57FB1704-DC86-4CD9-B03A-CD36A41CC967}.Release|Any CPU.ActiveCfg = Release|Any CPU
		{57FB1704-DC86-4CD9-B03A-CD36A41CC967}.Release|Any CPU.Build.0 = Release|Any CPU
		{BB34259D-48BF-43DB-A1D8-BA38111B57D0}.Debug|Any CPU.ActiveCfg = Debug|Any CPU
		{BB34259D-48BF-43DB-A1D8-BA38111B57D0}.Debug|Any CPU.Build.0 = Debug|Any CPU
		{BB34259D-48BF-43DB-A1D8-BA38111B57D0}.Release|Any CPU.ActiveCfg = Release|Any CPU
		{BB34259D-48BF-43DB-A1D8-BA38111B57D0}.Release|Any CPU.Build.0 = Release|Any CPU
		{07A86CBF-3D8A-4657-93D9-2D697166BEFA}.Debug|Any CPU.ActiveCfg = Debug|Any CPU
		{07A86CBF-3D8A-4657-93D9-2D697166BEFA}.Debug|Any CPU.Build.0 = Debug|Any CPU
		{07A86CBF-3D8A-4657-93D9-2D697166BEFA}.Release|Any CPU.ActiveCfg = Release|Any CPU
		{07A86CBF-3D8A-4657-93D9-2D697166BEFA}.Release|Any CPU.Build.0 = Release|Any CPU
	EndGlobalSection
	GlobalSection(SolutionProperties) = preSolution
		HideSolutionNode = FALSE
	EndGlobalSection
	GlobalSection(ExtensibilityGlobals) = postSolution
		SolutionGuid = {7994FD36-10F9-444A-87A5-95AC342EF2DB}
	EndGlobalSection
EndGlobal
